{
	"name": "linguist-js",
	"version": "3.0.0-dev",
	"lockfileVersion": 3,
	"requires": true,
	"packages": {
		"": {
			"name": "linguist-js",
			"version": "3.0.0-dev",
			"license": "ISC",
			"dependencies": {
				"binary-extensions": "^3.1.0",
				"commander": "^14.0.0",
				"common-path-prefix": "^3.0.0",
				"ignore": "^7.0.5",
				"isbinaryfile": "^5.0.6",
				"js-yaml": "^4.1.0",
				"node-cache": "^5.1.2"
			},
			"bin": {
				"linguist": "bin/index.js",
				"linguist-js": "bin/index.js"
			},
			"devDependencies": {
				"@types/js-yaml": "^4.0.9",
				"@types/node": "^24.3.1",
				"deep-object-diff": "^1.1.9",
				"prettier": "^3.6.2",
				"typescript": "^5.9.2"
			},
			"engines": {
				"node": ">=24",
				"npm": ">=10"
			}
		},
		"node_modules/@types/js-yaml": {
			"version": "4.0.9",
			"resolved": "https://registry.npmjs.org/@types/js-yaml/-/js-yaml-4.0.9.tgz",
			"integrity": "sha512-k4MGaQl5TGo/iipqb2UDG2UwjXziSWkh0uysQelTlJpX1qGlpUZYm8PnO4DxG1qBomtJUdYJ6qR6xdIah10JLg==",
			"dev": true
		},
		"node_modules/@types/node": {
			"version": "24.3.1",
			"resolved": "https://registry.npmjs.org/@types/node/-/node-24.3.1.tgz",
			"integrity": "sha512-3vXmQDXy+woz+gnrTvuvNrPzekOi+Ds0ReMxw0LzBiK3a+1k0kQn9f2NWk+lgD4rJehFUmYy2gMhJ2ZI+7YP9g==",
			"dev": true,
			"dependencies": {
				"undici-types": "~7.10.0"
			}
		},
		"node_modules/argparse": {
			"version": "2.0.1",
			"resolved": "https://registry.npmjs.org/argparse/-/argparse-2.0.1.tgz",
			"integrity": "sha512-8+9WqebbFzpX9OR+Wa6O29asIogeRMzcGtAINdpMHHyAg10f05aSFVBbcEqGf/PXw1EjAZ+q2/bEBg3DvurK3Q=="
		},
		"node_modules/binary-extensions": {
			"version": "3.1.0",
			"resolved": "https://registry.npmjs.org/binary-extensions/-/binary-extensions-3.1.0.tgz",
			"integrity": "sha512-Jvvd9hy1w+xUad8+ckQsWA/V1AoyubOvqn0aygjMOVM4BfIaRav1NFS3LsTSDaV4n4FtcCtQXvzep1E6MboqwQ==",
			"engines": {
				"node": ">=18.20"
			},
			"funding": {
				"url": "https://github.com/sponsors/sindresorhus"
			}
		},
		"node_modules/clone": {
			"version": "2.1.2",
			"resolved": "https://registry.npmjs.org/clone/-/clone-2.1.2.tgz",
			"integrity": "sha512-3Pe/CF1Nn94hyhIYpjtiLhdCoEoz0DqQ+988E9gmeEdQZlojxnOb74wctFyuwWQHzqyf9X7C7MG8juUpqBJT8w==",
			"engines": {
				"node": ">=0.8"
			}
		},
		"node_modules/commander": {
			"version": "14.0.0",
			"resolved": "https://registry.npmjs.org/commander/-/commander-14.0.0.tgz",
			"integrity": "sha512-2uM9rYjPvyq39NwLRqaiLtWHyDC1FvryJDa2ATTVims5YAS4PupsEQsDvP14FqhFr0P49CYDugi59xaxJlTXRA==",
			"engines": {
				"node": ">=20"
			}
		},
		"node_modules/common-path-prefix": {
			"version": "3.0.0",
			"resolved": "https://registry.npmjs.org/common-path-prefix/-/common-path-prefix-3.0.0.tgz",
			"integrity": "sha512-QE33hToZseCH3jS0qN96O/bSh3kaw/h+Tq7ngyY9eWDUnTlTNUyqfqvCXioLe5Na5jFsL78ra/wuBU4iuEgd4w=="
		},
		"node_modules/deep-object-diff": {
			"version": "1.1.9",
			"resolved": "https://registry.npmjs.org/deep-object-diff/-/deep-object-diff-1.1.9.tgz",
			"integrity": "sha512-Rn+RuwkmkDwCi2/oXOFS9Gsr5lJZu/yTGpK7wAaAIE75CC+LCGEZHpY6VQJa/RoJcrmaA/docWJZvYohlNkWPA==",
			"dev": true
		},
		"node_modules/ignore": {
			"version": "7.0.5",
			"resolved": "https://registry.npmjs.org/ignore/-/ignore-7.0.5.tgz",
			"integrity": "sha512-Hs59xBNfUIunMFgWAbGX5cq6893IbWg4KnrjbYwX3tx0ztorVgTDA6B2sxf8ejHJ4wz8BqGUMYlnzNBer5NvGg==",
			"engines": {
				"node": ">= 4"
			}
		},
		"node_modules/isbinaryfile": {
			"version": "5.0.6",
			"resolved": "https://registry.npmjs.org/isbinaryfile/-/isbinaryfile-5.0.6.tgz",
			"integrity": "sha512-I+NmIfBHUl+r2wcDd6JwE9yWje/PIVY/R5/CmV8dXLZd5K+L9X2klAOwfAHNnondLXkbHyTAleQAWonpTJBTtw==",
			"engines": {
				"node": ">= 18.0.0"
			},
			"funding": {
				"url": "https://github.com/sponsors/gjtorikian/"
			}
		},
		"node_modules/js-yaml": {
			"version": "4.1.0",
			"resolved": "https://registry.npmjs.org/js-yaml/-/js-yaml-4.1.0.tgz",
			"integrity": "sha512-wpxZs9NoxZaJESJGIZTyDEaYpl0FKSA+FB9aJiyemKhMwkxQg63h4T1KJgUGHpTqPDNRcmmYLugrRjJlBtWvRA==",
			"dependencies": {
				"argparse": "^2.0.1"
			},
			"bin": {
				"js-yaml": "bin/js-yaml.js"
			}
		},
		"node_modules/node-cache": {
			"version": "5.1.2",
			"resolved": "https://registry.npmjs.org/node-cache/-/node-cache-5.1.2.tgz",
			"integrity": "sha512-t1QzWwnk4sjLWaQAS8CHgOJ+RAfmHpxFWmc36IWTiWHQfs0w5JDMBS1b1ZxQteo0vVVuWJvIUKHDkkeK7vIGCg==",
			"dependencies": {
				"clone": "2.x"
			},
			"engines": {
				"node": ">= 8.0.0"
			}
		},
		"node_modules/prettier": {
			"version": "3.6.2",
			"resolved": "https://registry.npmjs.org/prettier/-/prettier-3.6.2.tgz",
			"integrity": "sha512-I7AIg5boAr5R0FFtJ6rCfD+LFsWHp81dolrFD8S79U9tb8Az2nGrJncnMSnys+bpQJfRUzqs9hnA81OAA3hCuQ==",
			"dev": true,
			"license": "MIT",
			"bin": {
				"prettier": "bin/prettier.cjs"
			},
			"engines": {
				"node": ">=14"
			},
			"funding": {
				"url": "https://github.com/prettier/prettier?sponsor=1"
			}
		},
		"node_modules/typescript": {
			"version": "5.9.2",
			"resolved": "https://registry.npmjs.org/typescript/-/typescript-5.9.2.tgz",
			"integrity": "sha512-CWBzXQrc/qOkhidw1OzBTQuYRbfyxDXJMVJ1XNwUHGROVmuaeiEm3OslpZ1RV96d7SKKjZKrSJu3+t/xlw3R9A==",
			"dev": true,
			"license": "Apache-2.0",
			"bin": {
				"tsc": "bin/tsc",
				"tsserver": "bin/tsserver"
			},
			"engines": {
				"node": ">=14.17"
			}
		},
		"node_modules/undici-types": {
			"version": "7.10.0",
			"resolved": "https://registry.npmjs.org/undici-types/-/undici-types-7.10.0.tgz",
			"integrity": "sha512-t5Fy/nfn+14LuOc2KNYg75vZqClpAiqscVvMygNnlsHBFpSXdJaYtXMcdNLpl/Qvc3P2cB3s6lOV51nqsFq4ag==",
			"dev": true
		}
	}
}
