{
	"name": "linguist-js",
	"version": "2.0.2",
	"lockfileVersion": 2,
	"requires": true,
	"packages": {
		"": {
			"name": "linguist-js",
			"version": "2.0.2",
			"license": "ISC",
			"dependencies": {
				"binary-extensions": "^2.2.0",
				"cross-fetch": "^3.1.4",
				"glob-to-regexp": "^0.4.1",
				"isbinaryfile": "^4.0.8",
				"js-yaml": "^4.1.0",
				"node-cache": "^5.1.2"
			},
			"bin": {
				"linguist": "bin/index.js"
			},
			"devDependencies": {
				"@types/glob-to-regexp": "ts4.4",
				"@types/js-yaml": "ts4.4",
				"@types/node": "ts4.4",
				"deep-object-diff": "^1.1.0",
				"typescript": "~4.4.2"
			},
			"engines": {
				"node": ">=12"
			},
			"optionalDependencies": {
				"commander": "^8.1.0"
			}
		},
		"node_modules/@types/glob-to-regexp": {
			"version": "0.4.1",
			"resolved": "https://registry.npmjs.org/@types/glob-to-regexp/-/glob-to-regexp-0.4.1.tgz",
			"integrity": "sha512-S0mIukll6fbF0tvrKic/jj+jI8SHoSvGU+Cs95b/jzZEnBYCbj+7aJtQ9yeABuK3xP1okwA3jEH9qIRayijnvQ==",
			"dev": true
		},
		"node_modules/@types/js-yaml": {
			"version": "4.0.3",
			"resolved": "https://registry.npmjs.org/@types/js-yaml/-/js-yaml-4.0.3.tgz",
			"integrity": "sha512-5t9BhoORasuF5uCPr+d5/hdB++zRFUTMIZOzbNkr+jZh3yQht4HYbRDyj9fY8n2TZT30iW9huzav73x4NikqWg==",
			"dev": true
		},
		"node_modules/@types/node": {
			"version": "16.9.0",
			"resolved": "https://registry.npmjs.org/@types/node/-/node-16.9.0.tgz",
			"integrity": "sha512-nmP+VR4oT0pJUPFbKE4SXj3Yb4Q/kz3M9dSAO1GGMebRKWHQxLfDNmU/yh3xxCJha3N60nQ/JwXWwOE/ZSEVag==",
			"dev": true
		},
		"node_modules/argparse": {
			"version": "2.0.1",
			"resolved": "https://registry.npmjs.org/argparse/-/argparse-2.0.1.tgz",
			"integrity": "sha512-8+9WqebbFzpX9OR+Wa6O29asIogeRMzcGtAINdpMHHyAg10f05aSFVBbcEqGf/PXw1EjAZ+q2/bEBg3DvurK3Q=="
		},
		"node_modules/binary-extensions": {
			"version": "2.2.0",
			"resolved": "https://registry.npmjs.org/binary-extensions/-/binary-extensions-2.2.0.tgz",
			"integrity": "sha512-jDctJ/IVQbZoJykoeHbhXpOlNBqGNcwXJKJog42E5HDPUwQTSdjCHdihjj0DlnheQ7blbT6dHOafNAiS8ooQKA==",
			"engines": {
				"node": ">=8"
			}
		},
		"node_modules/clone": {
			"version": "2.1.2",
			"resolved": "https://registry.npmjs.org/clone/-/clone-2.1.2.tgz",
			"integrity": "sha1-G39Ln1kfHo+DZwQBYANFoCiHQ18=",
			"engines": {
				"node": ">=0.8"
			}
		},
		"node_modules/commander": {
			"version": "8.1.0",
			"resolved": "https://registry.npmjs.org/commander/-/commander-8.1.0.tgz",
			"integrity": "sha512-mf45ldcuHSYShkplHHGKWb4TrmwQadxOn7v4WuhDJy0ZVoY5JFajaRDKD0PNe5qXzBX0rhovjTnP6Kz9LETcuA==",
			"optional": true,
			"engines": {
				"node": ">= 12"
			}
		},
		"node_modules/cross-fetch": {
			"version": "3.1.4",
			"resolved": "https://registry.npmjs.org/cross-fetch/-/cross-fetch-3.1.4.tgz",
			"integrity": "sha512-1eAtFWdIubi6T4XPy6ei9iUFoKpUkIF971QLN8lIvvvwueI65+Nw5haMNKUwfJxabqlIIDODJKGrQ66gxC0PbQ==",
			"dependencies": {
				"node-fetch": "2.6.1"
			}
		},
		"node_modules/deep-object-diff": {
			"version": "1.1.0",
			"resolved": "https://registry.npmjs.org/deep-object-diff/-/deep-object-diff-1.1.0.tgz",
			"integrity": "sha512-b+QLs5vHgS+IoSNcUE4n9HP2NwcHj7aqnJWsjPtuG75Rh5TOaGt0OjAYInh77d5T16V5cRDC+Pw/6ZZZiETBGw==",
			"dev": true
		},
		"node_modules/glob-to-regexp": {
			"version": "0.4.1",
			"resolved": "https://registry.npmjs.org/glob-to-regexp/-/glob-to-regexp-0.4.1.tgz",
			"integrity": "sha512-lkX1HJXwyMcprw/5YUZc2s7DrpAiHB21/V+E1rHUrVNokkvB6bqMzT0VfV6/86ZNabt1k14YOIaT7nDvOX3Iiw=="
		},
		"node_modules/isbinaryfile": {
			"version": "4.0.8",
			"resolved": "https://registry.npmjs.org/isbinaryfile/-/isbinaryfile-4.0.8.tgz",
			"integrity": "sha512-53h6XFniq77YdW+spoRrebh0mnmTxRPTlcuIArO57lmMdq4uBKFKaeTjnb92oYWrSn/LVL+LT+Hap2tFQj8V+w==",
			"engines": {
				"node": ">= 8.0.0"
			},
			"funding": {
				"url": "https://github.com/sponsors/gjtorikian/"
			}
		},
		"node_modules/js-yaml": {
			"version": "4.1.0",
			"resolved": "https://registry.npmjs.org/js-yaml/-/js-yaml-4.1.0.tgz",
			"integrity": "sha512-wpxZs9NoxZaJESJGIZTyDEaYpl0FKSA+FB9aJiyemKhMwkxQg63h4T1KJgUGHpTqPDNRcmmYLugrRjJlBtWvRA==",
			"dependencies": {
				"argparse": "^2.0.1"
			},
			"bin": {
				"js-yaml": "bin/js-yaml.js"
			}
		},
		"node_modules/node-cache": {
			"version": "5.1.2",
			"resolved": "https://registry.npmjs.org/node-cache/-/node-cache-5.1.2.tgz",
			"integrity": "sha512-t1QzWwnk4sjLWaQAS8CHgOJ+RAfmHpxFWmc36IWTiWHQfs0w5JDMBS1b1ZxQteo0vVVuWJvIUKHDkkeK7vIGCg==",
			"dependencies": {
				"clone": "2.x"
			},
			"engines": {
				"node": ">= 8.0.0"
			}
		},
		"node_modules/node-fetch": {
			"version": "2.6.1",
			"resolved": "https://registry.npmjs.org/node-fetch/-/node-fetch-2.6.1.tgz",
			"integrity": "sha512-V4aYg89jEoVRxRb2fJdAg8FHvI7cEyYdVAh94HH0UIK8oJxUfkjlDQN9RbMx+bEjP7+ggMiFRprSti032Oipxw==",
			"engines": {
				"node": "4.x || >=6.0.0"
			}
		},
		"node_modules/typescript": {
			"version": "4.4.2",
			"resolved": "https://registry.npmjs.org/typescript/-/typescript-4.4.2.tgz",
			"integrity": "sha512-gzP+t5W4hdy4c+68bfcv0t400HVJMMd2+H9B7gae1nQlBzCqvrXX+6GL/b3GAgyTH966pzrZ70/fRjwAtZksSQ==",
			"dev": true,
			"bin": {
				"tsc": "bin/tsc",
				"tsserver": "bin/tsserver"
			},
			"engines": {
				"node": ">=4.2.0"
			}
		}
	},
	"dependencies": {
		"@types/glob-to-regexp": {
			"version": "0.4.1",
			"resolved": "https://registry.npmjs.org/@types/glob-to-regexp/-/glob-to-regexp-0.4.1.tgz",
			"integrity": "sha512-S0mIukll6fbF0tvrKic/jj+jI8SHoSvGU+Cs95b/jzZEnBYCbj+7aJtQ9yeABuK3xP1okwA3jEH9qIRayijnvQ==",
			"dev": true
		},
		"@types/js-yaml": {
			"version": "4.0.3",
			"resolved": "https://registry.npmjs.org/@types/js-yaml/-/js-yaml-4.0.3.tgz",
			"integrity": "sha512-5t9BhoORasuF5uCPr+d5/hdB++zRFUTMIZOzbNkr+jZh3yQht4HYbRDyj9fY8n2TZT30iW9huzav73x4NikqWg==",
			"dev": true
		},
		"@types/node": {
			"version": "16.9.0",
			"resolved": "https://registry.npmjs.org/@types/node/-/node-16.9.0.tgz",
			"integrity": "sha512-nmP+VR4oT0pJUPFbKE4SXj3Yb4Q/kz3M9dSAO1GGMebRKWHQxLfDNmU/yh3xxCJha3N60nQ/JwXWwOE/ZSEVag==",
			"dev": true
		},
		"argparse": {
			"version": "2.0.1",
			"resolved": "https://registry.npmjs.org/argparse/-/argparse-2.0.1.tgz",
			"integrity": "sha512-8+9WqebbFzpX9OR+Wa6O29asIogeRMzcGtAINdpMHHyAg10f05aSFVBbcEqGf/PXw1EjAZ+q2/bEBg3DvurK3Q=="
		},
		"binary-extensions": {
			"version": "2.2.0",
			"resolved": "https://registry.npmjs.org/binary-extensions/-/binary-extensions-2.2.0.tgz",
			"integrity": "sha512-jDctJ/IVQbZoJykoeHbhXpOlNBqGNcwXJKJog42E5HDPUwQTSdjCHdihjj0DlnheQ7blbT6dHOafNAiS8ooQKA=="
		},
		"clone": {
			"version": "2.1.2",
			"resolved": "https://registry.npmjs.org/clone/-/clone-2.1.2.tgz",
			"integrity": "sha1-G39Ln1kfHo+DZwQBYANFoCiHQ18="
		},
		"commander": {
			"version": "8.1.0",
			"resolved": "https://registry.npmjs.org/commander/-/commander-8.1.0.tgz",
			"integrity": "sha512-mf45ldcuHSYShkplHHGKWb4TrmwQadxOn7v4WuhDJy0ZVoY5JFajaRDKD0PNe5qXzBX0rhovjTnP6Kz9LETcuA==",
			"optional": true
		},
		"cross-fetch": {
			"version": "3.1.4",
			"resolved": "https://registry.npmjs.org/cross-fetch/-/cross-fetch-3.1.4.tgz",
			"integrity": "sha512-1eAtFWdIubi6T4XPy6ei9iUFoKpUkIF971QLN8lIvvvwueI65+Nw5haMNKUwfJxabqlIIDODJKGrQ66gxC0PbQ==",
			"requires": {
				"node-fetch": "2.6.1"
			}
		},
		"deep-object-diff": {
			"version": "1.1.0",
			"resolved": "https://registry.npmjs.org/deep-object-diff/-/deep-object-diff-1.1.0.tgz",
			"integrity": "sha512-b+QLs5vHgS+IoSNcUE4n9HP2NwcHj7aqnJWsjPtuG75Rh5TOaGt0OjAYInh77d5T16V5cRDC+Pw/6ZZZiETBGw==",
			"dev": true
		},
		"glob-to-regexp": {
			"version": "0.4.1",
			"resolved": "https://registry.npmjs.org/glob-to-regexp/-/glob-to-regexp-0.4.1.tgz",
			"integrity": "sha512-lkX1HJXwyMcprw/5YUZc2s7DrpAiHB21/V+E1rHUrVNokkvB6bqMzT0VfV6/86ZNabt1k14YOIaT7nDvOX3Iiw=="
		},
		"isbinaryfile": {
			"version": "4.0.8",
			"resolved": "https://registry.npmjs.org/isbinaryfile/-/isbinaryfile-4.0.8.tgz",
			"integrity": "sha512-53h6XFniq77YdW+spoRrebh0mnmTxRPTlcuIArO57lmMdq4uBKFKaeTjnb92oYWrSn/LVL+LT+Hap2tFQj8V+w=="
		},
		"js-yaml": {
			"version": "4.1.0",
			"resolved": "https://registry.npmjs.org/js-yaml/-/js-yaml-4.1.0.tgz",
			"integrity": "sha512-wpxZs9NoxZaJESJGIZTyDEaYpl0FKSA+FB9aJiyemKhMwkxQg63h4T1KJgUGHpTqPDNRcmmYLugrRjJlBtWvRA==",
			"requires": {
				"argparse": "^2.0.1"
			}
		},
		"node-cache": {
			"version": "5.1.2",
			"resolved": "https://registry.npmjs.org/node-cache/-/node-cache-5.1.2.tgz",
			"integrity": "sha512-t1QzWwnk4sjLWaQAS8CHgOJ+RAfmHpxFWmc36IWTiWHQfs0w5JDMBS1b1ZxQteo0vVVuWJvIUKHDkkeK7vIGCg==",
			"requires": {
				"clone": "2.x"
			}
		},
		"node-fetch": {
			"version": "2.6.1",
			"resolved": "https://registry.npmjs.org/node-fetch/-/node-fetch-2.6.1.tgz",
			"integrity": "sha512-V4aYg89jEoVRxRb2fJdAg8FHvI7cEyYdVAh94HH0UIK8oJxUfkjlDQN9RbMx+bEjP7+ggMiFRprSti032Oipxw=="
		},
		"typescript": {
			"version": "4.4.2",
			"resolved": "https://registry.npmjs.org/typescript/-/typescript-4.4.2.tgz",
			"integrity": "sha512-gzP+t5W4hdy4c+68bfcv0t400HVJMMd2+H9B7gae1nQlBzCqvrXX+6GL/b3GAgyTH966pzrZ70/fRjwAtZksSQ==",
			"dev": true
		}
	}
}
